
Microsoft Visual Studio Solution File, Format Version 12.00
# Visual Studio Version 16
VisualStudioVersion = 16.0.29326.143
MinimumVisualStudioVersion = 10.0.40219.1
Project("{9A19103F-16F7-4668-BE54-9A1E7A4F7556}") = "Threax.IdServer", "Threax.IdServer\Threax.IdServer.csproj", "{972FC8DC-1D9E-4D64-AB0A-1F0FD80281E0}"
EndProject
Project("{9A19103F-16F7-4668-BE54-9A1E7A4F7556}") = "AppDashboard", "AppDashboard\AppDashboard.csproj", "{F98EA29C-5980-4E8E-8D47-6DD637C4BA6F}"
EndProject
Project("{9A19103F-16F7-4668-BE54-9A1E7A4F7556}") = "Threax.IdServer.Client", "Threax.IdServer.Client\Threax.IdServer.Client.csproj", "{52890D09-2594-49FC-8E32-17808209C2C2}"
EndProject
Global
	GlobalSection(SolutionConfigurationPlatforms) = preSolution
		Debug|Any CPU = Debug|Any CPU
		Release|Any CPU = Release|Any CPU
	EndGlobalSection
	GlobalSection(ProjectConfigurationPlatforms) = postSolution
		{972FC8DC-1D9E-4D64-AB0A-1F0FD80281E0}.Debug|Any CPU.ActiveCfg = Debug|Any CPU
		{972FC8DC-1D9E-4D64-AB0A-1F0FD80281E0}.Debug|Any CPU.Build.0 = Debug|Any CPU
		{972FC8DC-1D9E-4D64-AB0A-1F0FD80281E0}.Release|Any CPU.ActiveCfg = Release|Any CPU
		{972FC8DC-1D9E-4D64-AB0A-1F0FD80281E0}.Release|Any CPU.Build.0 = Release|Any CPU
		{F98EA29C-5980-4E8E-8D47-6DD637C4BA6F}.Debug|Any CPU.ActiveCfg = Debug|Any CPU
		{F98EA29C-5980-4E8E-8D47-6DD637C4BA6F}.Debug|Any CPU.Build.0 = Debug|Any CPU
		{F98EA29C-5980-4E8E-8D47-6DD637C4BA6F}.Release|Any CPU.ActiveCfg = Release|Any CPU
		{F98EA29C-5980-4E8E-8D47-6DD637C4BA6F}.Release|Any CPU.Build.0 = Release|Any CPU
		{52890D09-2594-49FC-8E32-17808209C2C2}.Debug|Any CPU.ActiveCfg = Debug|Any CPU
		{52890D09-2594-49FC-8E32-17808209C2C2}.Debug|Any CPU.Build.0 = Debug|Any CPU
		{52890D09-2594-49FC-8E32-17808209C2C2}.Release|Any CPU.ActiveCfg = Release|Any CPU
		{52890D09-2594-49FC-8E32-17808209C2C2}.Release|Any CPU.Build.0 = Release|Any CPU
	EndGlobalSection
	GlobalSection(SolutionProperties) = preSolution
		HideSolutionNode = FALSE
	EndGlobalSection
	GlobalSection(ExtensibilityGlobals) = postSolution
		SolutionGuid = {D5D68F17-E2D2-46F6-8171-6E79415B9BDB}
	EndGlobalSection
EndGlobal
