# THIS IS AN AUTOGENERATED FILE. DO NOT EDIT THIS FILE DIRECTLY.
# yarn lockfile v1


"@types/es6-promise@^0.0.32":
  version "0.0.32"
  resolved "https://registry.yarnpkg.com/@types/es6-promise/-/es6-promise-0.0.32.tgz#3bcf44fb1e429f3df76188c8c6d874463ba371fd"

"@types/node@^6.0.69":
  version "6.0.85"
  resolved "https://registry.yarnpkg.com/@types/node/-/node-6.0.85.tgz#ec02bfe54a61044f2be44f13b389c6a0e8ee05ae"

bootstrap@>=3.3.7, bootstrap@~3.3.7:
  version "3.3.7"
  resolved "https://registry.yarnpkg.com/bootstrap/-/bootstrap-3.3.7.tgz#5a389394549f23330875a3b150656574f8a9eb71"

htmlrapier.bootstrap@^6.0.2:
  version "6.0.2"
  resolved "https://registry.yarnpkg.com/htmlrapier.bootstrap/-/htmlrapier.bootstrap-6.0.2.tgz#475f7cb06c0a20bc9b4c02fd5841debb90a1c7f7"
  dependencies:
    bootstrap ">=3.3.7"
    htmlrapier ">=8.1.0"
    jquery "^3.2.1"

htmlrapier.halcyon-explorer@^6.0.1:
  version "6.0.1"
  resolved "https://registry.yarnpkg.com/htmlrapier.halcyon-explorer/-/htmlrapier.halcyon-explorer-6.0.1.tgz#53352f9e9e461a2d15d325549b92397e920373ac"
  dependencies:
    htmlrapier ">=9.0.0"
    htmlrapier.halcyon ">=6.0.0"

htmlrapier.halcyon@>=6.0.0, htmlrapier.halcyon@>=6.0.1, htmlrapier.halcyon@^6.0.2:
  version "6.0.2"
  resolved "https://registry.yarnpkg.com/htmlrapier.halcyon/-/htmlrapier.halcyon-6.0.2.tgz#d14ffab0360d033c2597a00fb0fac87b2fbb19cc"
  dependencies:
    htmlrapier ">=10.0.2"

htmlrapier.widgets@^8.2.0:
  version "8.2.0"
  resolved "https://registry.yarnpkg.com/htmlrapier.widgets/-/htmlrapier.widgets-8.2.0.tgz#dea518fa0a17da6ebd91175ca9d31fccc1c1f8d0"
  dependencies:
    htmlrapier ">=10.1.0"
    htmlrapier.halcyon ">=6.0.1"

htmlrapier@>=10.0.2, htmlrapier@>=10.1.0, htmlrapier@>=8.1.0, htmlrapier@>=9.0.0, htmlrapier@^10.3.0:
  version "10.3.0"
  resolved "https://registry.yarnpkg.com/htmlrapier/-/htmlrapier-10.3.0.tgz#661a3676bc98bd03633808a1838f6f14b3e98b0f"
  dependencies:
    "@types/es6-promise" "^0.0.32"
    tslib "^1.6.1"

jquery@^3.2.1:
  version "3.2.1"
  resolved "https://registry.yarnpkg.com/jquery/-/jquery-3.2.1.tgz#5c4d9de652af6cd0a770154a631bba12b015c787"

jsns@^5.0.0:
  version "5.0.0"
  resolved "https://registry.yarnpkg.com/jsns/-/jsns-5.0.0.tgz#c76429b822a68100eef8d4b8d3f1172b028664e4"

threax.bootstrap@>=0.0.1:
  version "0.0.1"
  resolved "https://registry.yarnpkg.com/threax.bootstrap/-/threax.bootstrap-0.0.1.tgz#6fe0378bfee3218211fbf497b0deeff03b89c4b8"
  dependencies:
    bootstrap "~3.3.7"

tslib@^1.6.1:
  version "1.7.1"
  resolved "https://registry.yarnpkg.com/tslib/-/tslib-1.7.1.tgz#bc8004164691923a79fe8378bbeb3da2017538ec"
