{
  "name": "asp.net",
  "version": "0.0.0",
  "lockfileVersion": 1,
  "requires": true,
  "dependencies": {
    "@types/es6-promise": {
      "version": "0.0.32",
      "resolved": "https://registry.npmjs.org/@types/es6-promise/-/es6-promise-0.0.32.tgz",
      "integrity": "sha1-O89E+x5Cnz33YYjIxth0Rjujcf0="
    },
    "bootstrap": {
      "version": "3.4.1",
      "resolved": "https://registry.npmjs.org/bootstrap/-/bootstrap-3.4.1.tgz",
      "integrity": "sha512-yN5oZVmRCwe5aKwzRj6736nSmKDX7pLYwsXiCj/EYmo16hODaBiT4En5btW/jhBF/seV+XMx3aYwukYC3A49DA=="
    },
    "htmlrapier": {
      "version": "19.4.0",
      "resolved": "https://registry.npmjs.org/htmlrapier/-/htmlrapier-19.4.0.tgz",
      "integrity": "sha512-U8+7kV+mY80LroqixjvQYHfkaZmHygyt6v6hlbQvkFIAvI29upjyhGvmb6rwDWO5VX//ER8mliovDXrlReUoiQ==",
      "requires": {
        "@types/es6-promise": "^0.0.32",
        "tslib": "^1.6.1"
      }
    },
    "htmlrapier.bootstrap": {
      "version": "7.0.0",
      "resolved": "https://registry.npmjs.org/htmlrapier.bootstrap/-/htmlrapier.bootstrap-7.0.0.tgz",
      "integrity": "sha512-rqSwSbd8cRwx9xIf08B/1Wo9c58uVXnNeDsU3LVsohiTkvaZmSzk8q3gJ+WnDUcdMxSDhMyDiKCr80cxtp2JGQ==",
      "requires": {
        "bootstrap": ">=3.3.7",
        "htmlrapier": ">=8.1.0",
        "jquery": ">=3.2.1"
      }
    },
    "htmlrapier.form.bootstrap3": {
      "version": "1.0.0",
      "resolved": "https://registry.npmjs.org/htmlrapier.form.bootstrap3/-/htmlrapier.form.bootstrap3-1.0.0.tgz",
      "integrity": "sha512-hK5duDHsPOcANWU+mAvvjZvrIyPALn2TpRQfg6oVolcvCAK6XzDwuQnFVcC+f0PH1gYJLyyUO41csbgtINTuLA==",
      "requires": {
        "bootstrap": "^3.3.7",
        "htmlrapier": ">=19.0.0",
        "jquery": ">=3.2.1"
      },
      "dependencies": {
        "bootstrap": {
          "version": "3.4.1",
          "resolved": "https://registry.npmjs.org/bootstrap/-/bootstrap-3.4.1.tgz",
          "integrity": "sha512-yN5oZVmRCwe5aKwzRj6736nSmKDX7pLYwsXiCj/EYmo16hODaBiT4En5btW/jhBF/seV+XMx3aYwukYC3A49DA=="
        }
      }
    },
    "htmlrapier.halcyon": {
      "version": "7.1.0",
      "resolved": "https://registry.npmjs.org/htmlrapier.halcyon/-/htmlrapier.halcyon-7.1.0.tgz",
      "integrity": "sha512-Kqni9nfT0KnaQ649gbAp8TZOTekHQvJISdJYP6HWHR0A9NabdcGvXJ1YYzi/6P2mDPoi3FhH6eKfl7GiZd0bvg==",
      "requires": {
        "htmlrapier": ">=10.0.2"
      }
    },
    "htmlrapier.relogin": {
      "version": "1.0.5",
      "resolved": "https://registry.npmjs.org/htmlrapier.relogin/-/htmlrapier.relogin-1.0.5.tgz",
      "integrity": "sha512-RpRMNzqUnORStmXw499diKy4wwN2+JSbhcDydmi5V6Ixt0Dl4+UMd25qDu9VWSq13Hbuk25OPuUIZo+Yk/UiUQ==",
      "requires": {
        "htmlrapier": ">=14.0.0"
      }
    },
    "htmlrapier.roleclient": {
      "version": "4.0.1",
      "resolved": "https://registry.npmjs.org/htmlrapier.roleclient/-/htmlrapier.roleclient-4.0.1.tgz",
      "integrity": "sha512-b4nuRxUT/EWy3wlh4Nby8oELVDoF+wgpDJ8gGnd8qtH307zCdq9X3PHEqpV/ymoZt4FmMxphkulOmPhbFZ7v4Q==",
      "requires": {
        "htmlrapier.halcyon": ">=7.0.0",
        "htmlrapier.widgets": ">=14.0.0",
        "jsns": ">=4.2.2"
      }
    },
    "htmlrapier.widgets": {
      "version": "15.8.0",
      "resolved": "https://registry.npmjs.org/htmlrapier.widgets/-/htmlrapier.widgets-15.8.0.tgz",
      "integrity": "sha512-iqLy4mw9rRQ+Mi+WeDZ5X0AazdrjjIuZQjzPqI3dmvj8+owNq+enFOB5wtIzQtrHuDf98BBfubp0geisJ+Vx/w==",
      "requires": {
        "htmlrapier": ">=14.3.0",
        "htmlrapier.halcyon": ">=7.0.0"
      }
    },
    "jquery": {
      "version": "3.3.1",
      "resolved": "https://registry.npmjs.org/jquery/-/jquery-3.3.1.tgz",
      "integrity": "sha512-Ubldcmxp5np52/ENotGxlLe6aGMvmF4R8S6tZjsP6Knsaxd/xp3Zrh50cG93lR6nPXyUFwzN3ZSOQI0wRJNdGg=="
    },
    "jsns": {
      "version": "5.0.0",
      "resolved": "https://registry.npmjs.org/jsns/-/jsns-5.0.0.tgz",
      "integrity": "sha1-x2QpuCKmgQDu+NS40/EXKwKGZOQ="
    },
    "threax.bootstrap": {
      "version": "1.0.0",
      "resolved": "https://registry.npmjs.org/threax.bootstrap/-/threax.bootstrap-1.0.0.tgz",
      "integrity": "sha512-AH5cqve9ZszA96eE9K6z9ax/qtmZDPVmO8MewVxF61HTZzP6FSdgwso633CKHqIoxGUE1gHgbI265mE2Mf9uIg==",
      "requires": {
        "bootstrap": "~3.3.7"
      },
      "dependencies": {
        "bootstrap": {
          "version": "3.3.7",
          "resolved": "https://registry.npmjs.org/bootstrap/-/bootstrap-3.3.7.tgz",
          "integrity": "sha1-WjiTlFSfIzMIdaOxUGVldPip63E="
        }
      }
    },
    "tslib": {
      "version": "1.9.3",
      "resolved": "https://registry.npmjs.org/tslib/-/tslib-1.9.3.tgz",
      "integrity": "sha512-4krF8scpejhaOgqzBEcGM7yDIEfi0/8+8zDRZhNZZ2kjmHJ4hv3zCbQWxoJGz1iw5U0Jl0nma13xzHXcncMavQ=="
    }
  }
}
