# THIS IS AN AUTOGENERATED FILE. DO NOT EDIT THIS FILE DIRECTLY.
# yarn lockfile v1


"@types/es6-promise@^0.0.32":
  version "0.0.32"
  resolved "https://registry.yarnpkg.com/@types/es6-promise/-/es6-promise-0.0.32.tgz#3bcf44fb1e429f3df76188c8c6d874463ba371fd"

"@types/node@^6.0.69":
  version "6.0.117"
  resolved "https://registry.yarnpkg.com/@types/node/-/node-6.0.117.tgz#ccfc2506001404708528d657aad9c1b931111646"

bootstrap@>=3.3.7, bootstrap@~3.3.7:
  version "3.3.7"
  resolved "https://registry.yarnpkg.com/bootstrap/-/bootstrap-3.3.7.tgz#5a389394549f23330875a3b150656574f8a9eb71"

htmlrapier.bootstrap@^6.1.0:
  version "6.1.0"
  resolved "https://registry.yarnpkg.com/htmlrapier.bootstrap/-/htmlrapier.bootstrap-6.1.0.tgz#26501ad6eab9a51db8f8af9c0c88961ea6979fac"
  dependencies:
    bootstrap ">=3.3.7"
    htmlrapier ">=8.1.0"
    jquery ">=3.2.1"

htmlrapier.halcyon@>=6.0.0, htmlrapier.halcyon@>=7.0.0, htmlrapier.halcyon@^7.0.0:
  version "7.0.0"
  resolved "https://registry.yarnpkg.com/htmlrapier.halcyon/-/htmlrapier.halcyon-7.0.0.tgz#3d2d46582a0f7bfbff059a2c72c0a0cb7a496ca3"
  dependencies:
    htmlrapier ">=10.0.2"

htmlrapier.relogin@^1.0.4:
  version "1.0.5"
  resolved "https://registry.yarnpkg.com/htmlrapier.relogin/-/htmlrapier.relogin-1.0.5.tgz#49f0bd2263fc6778db2ce4d62189a0100c133db3"
  dependencies:
    htmlrapier ">=14.0.0"

htmlrapier.roleclient@^1.0.0:
  version "1.0.0"
  resolved "https://registry.yarnpkg.com/htmlrapier.roleclient/-/htmlrapier.roleclient-1.0.0.tgz#b22d2e4b6e24fd27433b2e286ef97bc7ab0fbc25"
  dependencies:
    htmlrapier.halcyon ">=6.0.0"
    htmlrapier.widgets ">=6.1.0"
    jsns ">=4.2.2"

htmlrapier.widgets@>=6.1.0, htmlrapier.widgets@^15.0.0:
  version "15.0.0"
  resolved "https://registry.yarnpkg.com/htmlrapier.widgets/-/htmlrapier.widgets-15.0.0.tgz#504aefee9a6a53dc65c398c38c4183ea793549a7"
  dependencies:
    htmlrapier ">=14.3.0"
    htmlrapier.halcyon ">=7.0.0"

htmlrapier@>=10.0.2, htmlrapier@>=14.0.0, htmlrapier@>=14.3.0, htmlrapier@>=8.1.0, htmlrapier@^18.1.3:
  version "18.1.5"
  resolved "https://registry.yarnpkg.com/htmlrapier/-/htmlrapier-18.1.5.tgz#cb73352aa78d855ab4d9a6090f75404f5c531ee3"
  dependencies:
    "@types/es6-promise" "^0.0.32"
    tslib "^1.6.1"

jquery@>=3.2.1:
  version "3.3.1"
  resolved "https://registry.yarnpkg.com/jquery/-/jquery-3.3.1.tgz#958ce29e81c9790f31be7792df5d4d95fc57fbca"

jsns@>=4.2.2, jsns@^5.0.0:
  version "5.0.0"
  resolved "https://registry.yarnpkg.com/jsns/-/jsns-5.0.0.tgz#c76429b822a68100eef8d4b8d3f1172b028664e4"

threax.bootstrap@^0.0.5:
  version "0.0.5"
  resolved "https://registry.yarnpkg.com/threax.bootstrap/-/threax.bootstrap-0.0.5.tgz#f574ea2a423b84dabfe6731a371700d4bb962fe2"
  dependencies:
    bootstrap "~3.3.7"

tslib@^1.6.1:
  version "1.9.3"
  resolved "https://registry.yarnpkg.com/tslib/-/tslib-1.9.3.tgz#d7e4dd79245d85428c4d7e4822a79917954ca286"
