{
  "name": "asp.net",
  "version": "0.0.0",
  "lockfileVersion": 1,
  "requires": true,
  "dependencies": {
    "bootstrap": {
      "version": "3.4.1",
      "resolved": "https://registry.npmjs.org/bootstrap/-/bootstrap-3.4.1.tgz",
      "integrity": "sha512-yN5oZVmRCwe5aKwzRj6736nSmKDX7pLYwsXiCj/EYmo16hODaBiT4En5btW/jhBF/seV+XMx3aYwukYC3A49DA=="
    },
    "htmlrapier": {
      "version": "20.0.2",
      "resolved": "https://registry.npmjs.org/htmlrapier/-/htmlrapier-20.0.2.tgz",
      "integrity": "sha512-P57bCKUC0djXf/rjIjTM78WeuiGiDPWQeFWT2vaoA5rqpTi24V9DRLWkBEp+BenLA/iqd3y+iVuRWiyccCtgYw==",
      "requires": {
        "tslib": ">=1.6.1"
      }
    },
    "htmlrapier.bootstrap": {
      "version": "7.2.0",
      "resolved": "https://registry.npmjs.org/htmlrapier.bootstrap/-/htmlrapier.bootstrap-7.2.0.tgz",
      "integrity": "sha512-twD4WoUak+KC2N00coXKWSEc0qqaCiQGcRrumjwuXPCTmEJtJSoVb8BNLT8YP2+YVUrJFTCWxIlvc+aRNMYFDg==",
      "requires": {
        "bootstrap": ">=3.3.7",
        "htmlrapier": ">=8.1.0",
        "jquery": ">=3.5.0"
      }
    },
    "htmlrapier.form.bootstrap3": {
      "version": "1.1.0",
      "resolved": "https://registry.npmjs.org/htmlrapier.form.bootstrap3/-/htmlrapier.form.bootstrap3-1.1.0.tgz",
      "integrity": "sha512-0QY16nHzgr4puc3OV9hhRSK/+TxPJBLLmoAVTlQsxFSmrxa/Te7G3Bmw8RwS8+cbTNbNlhF0ZvzYhenoQN/Kdw==",
      "requires": {
        "bootstrap": "^3.3.7",
        "htmlrapier": ">=19.0.0"
      }
    },
    "htmlrapier.halcyon": {
      "version": "7.1.0",
      "resolved": "https://registry.npmjs.org/htmlrapier.halcyon/-/htmlrapier.halcyon-7.1.0.tgz",
      "integrity": "sha512-Kqni9nfT0KnaQ649gbAp8TZOTekHQvJISdJYP6HWHR0A9NabdcGvXJ1YYzi/6P2mDPoi3FhH6eKfl7GiZd0bvg==",
      "requires": {
        "htmlrapier": ">=10.0.2"
      }
    },
    "htmlrapier.halcyon-explorer": {
      "version": "8.0.0",
      "resolved": "https://registry.npmjs.org/htmlrapier.halcyon-explorer/-/htmlrapier.halcyon-explorer-8.0.0.tgz",
      "integrity": "sha512-jDnEDkiABZOicNfxJbVqdSzMbduMvhjGR3ZPjovMsVHPzJsVYKvZE/IDobsjXxuJNKMbW70hL92W/a2KBRcSQQ==",
      "requires": {
        "htmlrapier": ">=14.0.0",
        "htmlrapier.halcyon": ">=7.0.0"
      }
    },
    "htmlrapier.widgets": {
      "version": "15.11.0",
      "resolved": "https://registry.npmjs.org/htmlrapier.widgets/-/htmlrapier.widgets-15.11.0.tgz",
      "integrity": "sha512-6EPhbniWpDVolH7FXEiCXdilzX67by/qPAYWlY3ykkcYlxsVcr8UnhbtwICX/IG2c6lIGZ2Y92uFyBoZ1AaWGQ==",
      "requires": {
        "htmlrapier": ">=14.3.0",
        "htmlrapier.halcyon": ">=7.0.0"
      }
    },
    "jquery": {
      "version": "3.5.0",
      "resolved": "https://registry.npmjs.org/jquery/-/jquery-3.5.0.tgz",
      "integrity": "sha512-Xb7SVYMvygPxbFMpTFQiHh1J7HClEaThguL15N/Gg37Lri/qKyhRGZYzHRyLH8Stq3Aow0LsHO2O2ci86fCrNQ=="
    },
    "jsns": {
      "version": "5.0.0",
      "resolved": "https://registry.npmjs.org/jsns/-/jsns-5.0.0.tgz",
      "integrity": "sha1-x2QpuCKmgQDu+NS40/EXKwKGZOQ="
    },
    "threax.bootstrap": {
      "version": "1.1.0",
      "resolved": "https://registry.npmjs.org/threax.bootstrap/-/threax.bootstrap-1.1.0.tgz",
      "integrity": "sha512-HHaL5Zcwfxc/odq5c21zlHMcFjw5/kLp0mLozfrH3W3xB4SzSxVwepH7mmS5qs96Sfvh9ofDo86P0ZabAuJKXw==",
      "requires": {
        "bootstrap": "^3.3.7"
      }
    },
    "tslib": {
      "version": "1.9.3",
      "resolved": "https://registry.npmjs.org/tslib/-/tslib-1.9.3.tgz",
      "integrity": "sha512-4krF8scpejhaOgqzBEcGM7yDIEfi0/8+8zDRZhNZZ2kjmHJ4hv3zCbQWxoJGz1iw5U0Jl0nma13xzHXcncMavQ=="
    }
  }
}
