{
  "name": "asp.net",
  "version": "0.0.0",
  "lockfileVersion": 1,
  "requires": true,
  "dependencies": {
    "bootstrap": {
      "version": "4.6.0",
      "resolved": "https://registry.npmjs.org/bootstrap/-/bootstrap-4.6.0.tgz",
      "integrity": "sha512-Io55IuQY3kydzHtbGvQya3H+KorS/M9rSNyfCGCg9WZ4pyT/lCxIlpJgG1GXW/PswzC84Tr2fBYi+7+jFVQQBw=="
    },
    "jquery": {
      "version": "3.6.0",
      "resolved": "https://registry.npmjs.org/jquery/-/jquery-3.6.0.tgz",
      "integrity": "sha512-JVzAR/AjBvVt2BmYhxRCSYysDsPcssdmTFnzyLEts9qNwmjmu4JTAMYubEfwVOSwpQ1I1sKKFcxhZCI2buerfw=="
    },
    "threax.bootstrap4": {
      "version": "0.0.3",
      "resolved": "https://registry.npmjs.org/threax.bootstrap4/-/threax.bootstrap4-0.0.3.tgz",
      "integrity": "sha512-m0Sgak1rOIRzUdFAurVYTrmpXWsDDx7Y4SlOzwpwlDhgq1/Mp8nRVrhxJC0A7odXovrgy/FhiMNeYLMwiBMMhA==",
      "requires": {
        "bootstrap": ">=4.2.1"
      }
    }
  }
}
