# THIS IS AN AUTOGENERATED FILE. DO NOT EDIT THIS FILE DIRECTLY.
# yarn lockfile v1


"@types/es6-promise@^0.0.32":
  version "0.0.32"
  resolved "https://registry.yarnpkg.com/@types/es6-promise/-/es6-promise-0.0.32.tgz#3bcf44fb1e429f3df76188c8c6d874463ba371fd"

"@types/node@^6.0.69":
  version "6.0.114"
  resolved "https://registry.yarnpkg.com/@types/node/-/node-6.0.114.tgz#c42cd56479f32bc1576a5cb19f8a208da9a2b052"

bootstrap@>=3.3.7, bootstrap@~3.3.7:
  version "3.3.7"
  resolved "https://registry.yarnpkg.com/bootstrap/-/bootstrap-3.3.7.tgz#5a389394549f23330875a3b150656574f8a9eb71"

htmlrapier.bootstrap@^6.1.0:
  version "6.1.0"
  resolved "https://registry.yarnpkg.com/htmlrapier.bootstrap/-/htmlrapier.bootstrap-6.1.0.tgz#26501ad6eab9a51db8f8af9c0c88961ea6979fac"
  dependencies:
    bootstrap ">=3.3.7"
    htmlrapier ">=8.1.0"
    jquery ">=3.2.1"

htmlrapier.halcyon-explorer@^7.1.0:
  version "7.1.0"
  resolved "https://registry.yarnpkg.com/htmlrapier.halcyon-explorer/-/htmlrapier.halcyon-explorer-7.1.0.tgz#e827a2b3df2d3cf49a164f9cd27d686fbc77a4c5"
  dependencies:
    htmlrapier ">=14.0.0"
    htmlrapier.halcyon ">=6.0.0"

htmlrapier.halcyon@>=6.0.0, htmlrapier.halcyon@>=6.0.1, htmlrapier.halcyon@^6.2.0:
  version "6.2.0"
  resolved "https://registry.yarnpkg.com/htmlrapier.halcyon/-/htmlrapier.halcyon-6.2.0.tgz#59ef07f962e9274fdf056437c1b381709fb5dc2d"
  dependencies:
    htmlrapier ">=10.0.2"

htmlrapier.widgets@^14.5.0:
  version "14.5.0"
  resolved "https://registry.yarnpkg.com/htmlrapier.widgets/-/htmlrapier.widgets-14.5.0.tgz#49e6c11f248e40beaddfa7395df681ccba0e6775"
  dependencies:
    htmlrapier ">=14.3.0"
    htmlrapier.halcyon ">=6.0.1"

htmlrapier@>=10.0.2, htmlrapier@>=14.0.0, htmlrapier@>=14.3.0, htmlrapier@>=8.1.0, htmlrapier@^18.0.3:
  version "18.0.3"
  resolved "https://registry.yarnpkg.com/htmlrapier/-/htmlrapier-18.0.3.tgz#fc25f79d879e9df1c18efa2c103f710f07a2eeec"
  dependencies:
    "@types/es6-promise" "^0.0.32"
    tslib "^1.6.1"

jquery@>=3.2.1:
  version "3.3.1"
  resolved "https://registry.yarnpkg.com/jquery/-/jquery-3.3.1.tgz#958ce29e81c9790f31be7792df5d4d95fc57fbca"

jsns@^5.0.0:
  version "5.0.0"
  resolved "https://registry.yarnpkg.com/jsns/-/jsns-5.0.0.tgz#c76429b822a68100eef8d4b8d3f1172b028664e4"

threax.bootstrap@^0.0.4:
  version "0.0.4"
  resolved "https://registry.yarnpkg.com/threax.bootstrap/-/threax.bootstrap-0.0.4.tgz#5818fd05297092ef132814868c00b4acaa36da78"
  dependencies:
    bootstrap "~3.3.7"

tslib@^1.6.1:
  version "1.9.3"
  resolved "https://registry.yarnpkg.com/tslib/-/tslib-1.9.3.tgz#d7e4dd79245d85428c4d7e4822a79917954ca286"
